
Microsoft Visual Studio Solution File, Format Version 12.00
# Visual Studio Version 16
VisualStudioVersion = 16.0.32428.217
MinimumVisualStudioVersion = 10.0.40219.1
Project("{9A19103F-16F7-4668-BE54-9A1E7A4F7556}") = "DiscordTests", "DiscordLoginTest\DiscordTests.csproj", "{5DD1A4C1-6F6E-4F9B-85A6-7B34904B123C}"
EndProject
Global
	GlobalSection(SolutionConfigurationPlatforms) = preSolution
		Debug|Any CPU = Debug|Any CPU
		Release|Any CPU = Release|Any CPU
	EndGlobalSection
	GlobalSection(ProjectConfigurationPlatforms) = postSolution
		{5DD1A4C1-6F6E-4F9B-85A6-7B34904B123C}.Debug|Any CPU.ActiveCfg = Debug|Any CPU
		{5DD1A4C1-6F6E-4F9B-85A6-7B34904B123C}.Debug|Any CPU.Build.0 = Debug|Any CPU
		{5DD1A4C1-6F6E-4F9B-85A6-7B34904B123C}.Release|Any CPU.ActiveCfg = Release|Any CPU
		{5DD1A4C1-6F6E-4F9B-85A6-7B34904B123C}.Release|Any CPU.Build.0 = Release|Any CPU
	EndGlobalSection
	GlobalSection(SolutionProperties) = preSolution
		HideSolutionNode = FALSE
	EndGlobalSection
	GlobalSection(ExtensibilityGlobals) = postSolution
		SolutionGuid = {F6030242-CD51-4394-8414-342D259AF517}
	EndGlobalSection
EndGlobal
